// !$*UTF8*$!
{
	archiveVersion = 1;
	classes = {
	};
	objectVersion = 56;
	objects = {

/* Begin PBXBuildFile section */
		AA8617242C66A61300712E27 /* InstagramCloneApp.swift in Sources */ = {isa = PBXBuildFile; fileRef = AA8617232C66A61300712E27 /* InstagramCloneApp.swift */; };
		AA8617262C66A61300712E27 /* ContentView.swift in Sources */ = {isa = PBXBuildFile; fileRef = AA8617252C66A61300712E27 /* ContentView.swift */; };
		AA8617282C66A61400712E27 /* Assets.xcassets in Resources */ = {isa = PBXBuildFile; fileRef = AA8617272C66A61400712E27 /* Assets.xcassets */; };
		AA86172B2C66A61400712E27 /* Preview Assets.xcassets in Resources */ = {isa = PBXBuildFile; fileRef = AA86172A2C66A61400712E27 /* Preview Assets.xcassets */; };
		AA8617352C66A61400712E27 /* InstagramCloneTests.swift in Sources */ = {isa = PBXBuildFile; fileRef = AA8617342C66A61400712E27 /* InstagramCloneTests.swift */; };
		AA86173F2C66A61400712E27 /* InstagramCloneUITests.swift in Sources */ = {isa = PBXBuildFile; fileRef = AA86173E2C66A61400712E27 /* InstagramCloneUITests.swift */; };
		AA8617412C66A61400712E27 /* InstagramCloneUITestsLaunchTests.swift in Sources */ = {isa = PBXBuildFile; fileRef = AA8617402C66A61400712E27 /* InstagramCloneUITestsLaunchTests.swift */; };
		AA86175C2C66A9F200712E27 /* MainTabView.swift in Sources */ = {isa = PBXBuildFile; fileRef = AA86175B2C66A9F200712E27 /* MainTabView.swift */; };
		AA86175E2C66AB5000712E27 /* ProfileView.swift in Sources */ = {isa = PBXBuildFile; fileRef = AA86175D2C66AB5000712E27 /* ProfileView.swift */; };
		AA8617612C66B66D00712E27 /* UserStatView.swift in Sources */ = {isa = PBXBuildFile; fileRef = AA8617602C66B66D00712E27 /* UserStatView.swift */; };
		AA8617632C66BD0600712E27 /* FeedView.swift in Sources */ = {isa = PBXBuildFile; fileRef = AA8617622C66BD0500712E27 /* FeedView.swift */; };
		AA8617652C66BD0F00712E27 /* FeedCell.swift in Sources */ = {isa = PBXBuildFile; fileRef = AA8617642C66BD0F00712E27 /* FeedCell.swift */; };
		AA8617672C66C92900712E27 /* SearchView.swift in Sources */ = {isa = PBXBuildFile; fileRef = AA8617662C66C92900712E27 /* SearchView.swift */; };
/* End PBXBuildFile section */

/* Begin PBXContainerItemProxy section */
		AA8617312C66A61400712E27 /* PBXContainerItemProxy */ = {
			isa = PBXContainerItemProxy;
			containerPortal = AA8617182C66A61300712E27 /* Project object */;
			proxyType = 1;
			remoteGlobalIDString = AA86171F2C66A61300712E27;
			remoteInfo = InstagramClone;
		};
		AA86173B2C66A61400712E27 /* PBXContainerItemProxy */ = {
			isa = PBXContainerItemProxy;
			containerPortal = AA8617182C66A61300712E27 /* Project object */;
			proxyType = 1;
			remoteGlobalIDString = AA86171F2C66A61300712E27;
			remoteInfo = InstagramClone;
		};
/* End PBXContainerItemProxy section */

/* Begin PBXFileReference section */
		AA8617202C66A61300712E27 /* InstagramClone.app */ = {isa = PBXFileReference; explicitFileType = wrapper.application; includeInIndex = 0; path = InstagramClone.app; sourceTree = BUILT_PRODUCTS_DIR; };
		AA8617232C66A61300712E27 /* InstagramCloneApp.swift */ = {isa = PBXFileReference; lastKnownFileType = sourcecode.swift; path = InstagramCloneApp.swift; sourceTree = "<group>"; };
		AA8617252C66A61300712E27 /* ContentView.swift */ = {isa = PBXFileReference; lastKnownFileType = sourcecode.swift; path = ContentView.swift; sourceTree = "<group>"; };
		AA8617272C66A61400712E27 /* Assets.xcassets */ = {isa = PBXFileReference; lastKnownFileType = folder.assetcatalog; path = Assets.xcassets; sourceTree = "<group>"; };
		AA86172A2C66A61400712E27 /* Preview Assets.xcassets */ = {isa = PBXFileReference; lastKnownFileType = folder.assetcatalog; path = "Preview Assets.xcassets"; sourceTree = "<group>"; };
		AA8617302C66A61400712E27 /* InstagramCloneTests.xctest */ = {isa = PBXFileReference; explicitFileType = wrapper.cfbundle; includeInIndex = 0; path = InstagramCloneTests.xctest; sourceTree = BUILT_PRODUCTS_DIR; };
		AA8617342C66A61400712E27 /* InstagramCloneTests.swift */ = {isa = PBXFileReference; lastKnownFileType = sourcecode.swift; path = InstagramCloneTests.swift; sourceTree = "<group>"; };
		AA86173A2C66A61400712E27 /* InstagramCloneUITests.xctest */ = {isa = PBXFileReference; explicitFileType = wrapper.cfbundle; includeInIndex = 0; path = InstagramCloneUITests.xctest; sourceTree = BUILT_PRODUCTS_DIR; };
		AA86173E2C66A61400712E27 /* InstagramCloneUITests.swift */ = {isa = PBXFileReference; lastKnownFileType = sourcecode.swift; path = InstagramCloneUITests.swift; sourceTree = "<group>"; };
		AA8617402C66A61400712E27 /* InstagramCloneUITestsLaunchTests.swift */ = {isa = PBXFileReference; lastKnownFileType = sourcecode.swift; path = InstagramCloneUITestsLaunchTests.swift; sourceTree = "<group>"; };
		AA86175B2C66A9F200712E27 /* MainTabView.swift */ = {isa = PBXFileReference; lastKnownFileType = sourcecode.swift; path = MainTabView.swift; sourceTree = "<group>"; };
		AA86175D2C66AB5000712E27 /* ProfileView.swift */ = {isa = PBXFileReference; lastKnownFileType = sourcecode.swift; path = ProfileView.swift; sourceTree = "<group>"; };
		AA8617602C66B66D00712E27 /* UserStatView.swift */ = {isa = PBXFileReference; lastKnownFileType = sourcecode.swift; path = UserStatView.swift; sourceTree = "<group>"; };
		AA8617622C66BD0500712E27 /* FeedView.swift */ = {isa = PBXFileReference; lastKnownFileType = sourcecode.swift; path = FeedView.swift; sourceTree = "<group>"; };
		AA8617642C66BD0F00712E27 /* FeedCell.swift */ = {isa = PBXFileReference; lastKnownFileType = sourcecode.swift; path = FeedCell.swift; sourceTree = "<group>"; };
		AA8617662C66C92900712E27 /* SearchView.swift */ = {isa = PBXFileReference; lastKnownFileType = sourcecode.swift; path = SearchView.swift; sourceTree = "<group>"; };
/* End PBXFileReference section */

/* Begin PBXFrameworksBuildPhase section */
		AA86171D2C66A61300712E27 /* Frameworks */ = {
			isa = PBXFrameworksBuildPhase;
			buildActionMask = 2147483647;
			files = (
			);
			runOnlyForDeploymentPostprocessing = 0;
		};
		AA86172D2C66A61400712E27 /* Frameworks */ = {
			isa = PBXFrameworksBuildPhase;
			buildActionMask = 2147483647;
			files = (
			);
			runOnlyForDeploymentPostprocessing = 0;
		};
		AA8617372C66A61400712E27 /* Frameworks */ = {
			isa = PBXFrameworksBuildPhase;
			buildActionMask = 2147483647;
			files = (
			);
			runOnlyForDeploymentPostprocessing = 0;
		};
/* End PBXFrameworksBuildPhase section */

/* Begin PBXGroup section */
		AA8617172C66A61300712E27 = {
			isa = PBXGroup;
			children = (
				AA8617222C66A61300712E27 /* InstagramClone */,
				AA8617332C66A61400712E27 /* InstagramCloneTests */,
				AA86173D2C66A61400712E27 /* InstagramCloneUITests */,
				AA8617212C66A61300712E27 /* Products */,
			);
			sourceTree = "<group>";
		};
		AA8617212C66A61300712E27 /* Products */ = {
			isa = PBXGroup;
			children = (
				AA8617202C66A61300712E27 /* InstagramClone.app */,
				AA8617302C66A61400712E27 /* InstagramCloneTests.xctest */,
				AA86173A2C66A61400712E27 /* InstagramCloneUITests.xctest */,
			);
			name = Products;
			sourceTree = "<group>";
		};
		AA8617222C66A61300712E27 /* InstagramClone */ = {
			isa = PBXGroup;
			children = (
				AA86174D2C66A77F00712E27 /* App */,
				AA86174E2C66A78F00712E27 /* Core */,
				AA8617582C66A7F900712E27 /* Extensions */,
				AA8617592C66A81400712E27 /* Model */,
				AA86175A2C66A81900712E27 /* Services */,
				AA8617252C66A61300712E27 /* ContentView.swift */,
				AA8617272C66A61400712E27 /* Assets.xcassets */,
				AA8617292C66A61400712E27 /* Preview Content */,
			);
			path = InstagramClone;
			sourceTree = "<group>";
		};
		AA8617292C66A61400712E27 /* Preview Content */ = {
			isa = PBXGroup;
			children = (
				AA86172A2C66A61400712E27 /* Preview Assets.xcassets */,
			);
			path = "Preview Content";
			sourceTree = "<group>";
		};
		AA8617332C66A61400712E27 /* InstagramCloneTests */ = {
			isa = PBXGroup;
			children = (
				AA8617342C66A61400712E27 /* InstagramCloneTests.swift */,
			);
			path = InstagramCloneTests;
			sourceTree = "<group>";
		};
		AA86173D2C66A61400712E27 /* InstagramCloneUITests */ = {
			isa = PBXGroup;
			children = (
				AA86173E2C66A61400712E27 /* InstagramCloneUITests.swift */,
				AA8617402C66A61400712E27 /* InstagramCloneUITestsLaunchTests.swift */,
			);
			path = InstagramCloneUITests;
			sourceTree = "<group>";
		};
		AA86174D2C66A77F00712E27 /* App */ = {
			isa = PBXGroup;
			children = (
				AA8617232C66A61300712E27 /* InstagramCloneApp.swift */,
			);
			path = App;
			sourceTree = "<group>";
		};
		AA86174E2C66A78F00712E27 /* Core */ = {
			isa = PBXGroup;
			children = (
				AA86174F2C66A79700712E27 /* Authentication */,
				AA86175F2C66B50600712E27 /* Components */,
				AA8617542C66A7C400712E27 /* Feed */,
				AA8617532C66A7BF00712E27 /* Profile */,
				AA8617522C66A7BA00712E27 /* Root */,
				AA8617512C66A7AF00712E27 /* Search */,
				AA8617572C66A7E700712E27 /* TabBar */,
				AA8617502C66A7A300712E27 /* UploadPost */,
			);
			path = Core;
			sourceTree = "<group>";
		};
		AA86174F2C66A79700712E27 /* Authentication */ = {
			isa = PBXGroup;
			children = (
			);
			path = Authentication;
			sourceTree = "<group>";
		};
		AA8617502C66A7A300712E27 /* UploadPost */ = {
			isa = PBXGroup;
			children = (
			);
			path = UploadPost;
			sourceTree = "<group>";
		};
		AA8617512C66A7AF00712E27 /* Search */ = {
			isa = PBXGroup;
			children = (
				AA8617662C66C92900712E27 /* SearchView.swift */,
			);
			path = Search;
			sourceTree = "<group>";
		};
		AA8617522C66A7BA00712E27 /* Root */ = {
			isa = PBXGroup;
			children = (
			);
			path = Root;
			sourceTree = "<group>";
		};
		AA8617532C66A7BF00712E27 /* Profile */ = {
			isa = PBXGroup;
			children = (
				AA86175D2C66AB5000712E27 /* ProfileView.swift */,
			);
			path = Profile;
			sourceTree = "<group>";
		};
		AA8617542C66A7C400712E27 /* Feed */ = {
			isa = PBXGroup;
			children = (
				AA8617622C66BD0500712E27 /* FeedView.swift */,
				AA8617642C66BD0F00712E27 /* FeedCell.swift */,
			);
			path = Feed;
			sourceTree = "<group>";
		};
		AA8617572C66A7E700712E27 /* TabBar */ = {
			isa = PBXGroup;
			children = (
				AA86175B2C66A9F200712E27 /* MainTabView.swift */,
			);
			path = TabBar;
			sourceTree = "<group>";
		};
		AA8617582C66A7F900712E27 /* Extensions */ = {
			isa = PBXGroup;
			children = (
			);
			path = Extensions;
			sourceTree = "<group>";
		};
		AA8617592C66A81400712E27 /* Model */ = {
			isa = PBXGroup;
			children = (
			);
			path = Model;
			sourceTree = "<group>";
		};
		AA86175A2C66A81900712E27 /* Services */ = {
			isa = PBXGroup;
			children = (
			);
			path = Services;
			sourceTree = "<group>";
		};
		AA86175F2C66B50600712E27 /* Components */ = {
			isa = PBXGroup;
			children = (
				AA8617602C66B66D00712E27 /* UserStatView.swift */,
			);
			path = Components;
			sourceTree = "<group>";
		};
/* End PBXGroup section */

/* Begin PBXNativeTarget section */
		AA86171F2C66A61300712E27 /* InstagramClone */ = {
			isa = PBXNativeTarget;
			buildConfigurationList = AA8617442C66A61400712E27 /* Build configuration list for PBXNativeTarget "InstagramClone" */;
			buildPhases = (
				AA86171C2C66A61300712E27 /* Sources */,
				AA86171D2C66A61300712E27 /* Frameworks */,
				AA86171E2C66A61300712E27 /* Resources */,
			);
			buildRules = (
			);
			dependencies = (
			);
			name = InstagramClone;
			productName = InstagramClone;
			productReference = AA8617202C66A61300712E27 /* InstagramClone.app */;
			productType = "com.apple.product-type.application";
		};
		AA86172F2C66A61400712E27 /* InstagramCloneTests */ = {
			isa = PBXNativeTarget;
			buildConfigurationList = AA8617472C66A61400712E27 /* Build configuration list for PBXNativeTarget "InstagramCloneTests" */;
			buildPhases = (
				AA86172C2C66A61400712E27 /* Sources */,
				AA86172D2C66A61400712E27 /* Frameworks */,
				AA86172E2C66A61400712E27 /* Resources */,
			);
			buildRules = (
			);
			dependencies = (
				AA8617322C66A61400712E27 /* PBXTargetDependency */,
			);
			name = InstagramCloneTests;
			productName = InstagramCloneTests;
			productReference = AA8617302C66A61400712E27 /* InstagramCloneTests.xctest */;
			productType = "com.apple.product-type.bundle.unit-test";
		};
		AA8617392C66A61400712E27 /* InstagramCloneUITests */ = {
			isa = PBXNativeTarget;
			buildConfigurationList = AA86174A2C66A61400712E27 /* Build configuration list for PBXNativeTarget "InstagramCloneUITests" */;
			buildPhases = (
				AA8617362C66A61400712E27 /* Sources */,
				AA8617372C66A61400712E27 /* Frameworks */,
				AA8617382C66A61400712E27 /* Resources */,
			);
			buildRules = (
			);
			dependencies = (
				AA86173C2C66A61400712E27 /* PBXTargetDependency */,
			);
			name = InstagramCloneUITests;
			productName = InstagramCloneUITests;
			productReference = AA86173A2C66A61400712E27 /* InstagramCloneUITests.xctest */;
			productType = "com.apple.product-type.bundle.ui-testing";
		};
/* End PBXNativeTarget section */

/* Begin PBXProject section */
		AA8617182C66A61300712E27 /* Project object */ = {
			isa = PBXProject;
			attributes = {
				BuildIndependentTargetsInParallel = 1;
				LastSwiftUpdateCheck = 1540;
				LastUpgradeCheck = 1540;
				TargetAttributes = {
					AA86171F2C66A61300712E27 = {
						CreatedOnToolsVersion = 15.4;
					};
					AA86172F2C66A61400712E27 = {
						CreatedOnToolsVersion = 15.4;
						TestTargetID = AA86171F2C66A61300712E27;
					};
					AA8617392C66A61400712E27 = {
						CreatedOnToolsVersion = 15.4;
						TestTargetID = AA86171F2C66A61300712E27;
					};
				};
			};
			buildConfigurationList = AA86171B2C66A61300712E27 /* Build configuration list for PBXProject "InstagramClone" */;
			compatibilityVersion = "Xcode 14.0";
			developmentRegion = en;
			hasScannedForEncodings = 0;
			knownRegions = (
				en,
				Base,
			);
			mainGroup = AA8617172C66A61300712E27;
			productRefGroup = AA8617212C66A61300712E27 /* Products */;
			projectDirPath = "";
			projectRoot = "";
			targets = (
				AA86171F2C66A61300712E27 /* InstagramClone */,
				AA86172F2C66A61400712E27 /* InstagramCloneTests */,
				AA8617392C66A61400712E27 /* InstagramCloneUITests */,
			);
		};
/* End PBXProject section */

/* Begin PBXResourcesBuildPhase section */
		AA86171E2C66A61300712E27 /* Resources */ = {
			isa = PBXResourcesBuildPhase;
			buildActionMask = 2147483647;
			files = (
				AA86172B2C66A61400712E27 /* Preview Assets.xcassets in Resources */,
				AA8617282C66A61400712E27 /* Assets.xcassets in Resources */,
			);
			runOnlyForDeploymentPostprocessing = 0;
		};
		AA86172E2C66A61400712E27 /* Resources */ = {
			isa = PBXResourcesBuildPhase;
			buildActionMask = 2147483647;
			files = (
			);
			runOnlyForDeploymentPostprocessing = 0;
		};
		AA8617382C66A61400712E27 /* Resources */ = {
			isa = PBXResourcesBuildPhase;
			buildActionMask = 2147483647;
			files = (
			);
			runOnlyForDeploymentPostprocessing = 0;
		};
/* End PBXResourcesBuildPhase section */

/* Begin PBXSourcesBuildPhase section */
		AA86171C2C66A61300712E27 /* Sources */ = {
			isa = PBXSourcesBuildPhase;
			buildActionMask = 2147483647;
			files = (
				AA8617652C66BD0F00712E27 /* FeedCell.swift in Sources */,
				AA8617262C66A61300712E27 /* ContentView.swift in Sources */,
				AA86175E2C66AB5000712E27 /* ProfileView.swift in Sources */,
				AA8617242C66A61300712E27 /* InstagramCloneApp.swift in Sources */,
				AA8617672C66C92900712E27 /* SearchView.swift in Sources */,
				AA8617612C66B66D00712E27 /* UserStatView.swift in Sources */,
				AA8617632C66BD0600712E27 /* FeedView.swift in Sources */,
				AA86175C2C66A9F200712E27 /* MainTabView.swift in Sources */,
			);
			runOnlyForDeploymentPostprocessing = 0;
		};
		AA86172C2C66A61400712E27 /* Sources */ = {
			isa = PBXSourcesBuildPhase;
			buildActionMask = 2147483647;
			files = (
				AA8617352C66A61400712E27 /* InstagramCloneTests.swift in Sources */,
			);
			runOnlyForDeploymentPostprocessing = 0;
		};
		AA8617362C66A61400712E27 /* Sources */ = {
			isa = PBXSourcesBuildPhase;
			buildActionMask = 2147483647;
			files = (
				AA86173F2C66A61400712E27 /* InstagramCloneUITests.swift in Sources */,
				AA8617412C66A61400712E27 /* InstagramCloneUITestsLaunchTests.swift in Sources */,
			);
			runOnlyForDeploymentPostprocessing = 0;
		};
/* End PBXSourcesBuildPhase section */

/* Begin PBXTargetDependency section */
		AA8617322C66A61400712E27 /* PBXTargetDependency */ = {
			isa = PBXTargetDependency;
			target = AA86171F2C66A61300712E27 /* InstagramClone */;
			targetProxy = AA8617312C66A61400712E27 /* PBXContainerItemProxy */;
		};
		AA86173C2C66A61400712E27 /* PBXTargetDependency */ = {
			isa = PBXTargetDependency;
			target = AA86171F2C66A61300712E27 /* InstagramClone */;
			targetProxy = AA86173B2C66A61400712E27 /* PBXContainerItemProxy */;
		};
/* End PBXTargetDependency section */

/* Begin XCBuildConfiguration section */
		AA8617422C66A61400712E27 /* Debug */ = {
			isa = XCBuildConfiguration;
			buildSettings = {
				ALWAYS_SEARCH_USER_PATHS = NO;
				ASSETCATALOG_COMPILER_GENERATE_SWIFT_ASSET_SYMBOL_EXTENSIONS = YES;
				CLANG_ANALYZER_NONNULL = YES;
				CLANG_ANALYZER_NUMBER_OBJECT_CONVERSION = YES_AGGRESSIVE;
				CLANG_CXX_LANGUAGE_STANDARD = "gnu++20";
				CLANG_ENABLE_MODULES = YES;
				CLANG_ENABLE_OBJC_ARC = YES;
				CLANG_ENABLE_OBJC_WEAK = YES;
				CLANG_WARN_BLOCK_CAPTURE_AUTORELEASING = YES;
				CLANG_WARN_BOOL_CONVERSION = YES;
				CLANG_WARN_COMMA = YES;
				CLANG_WARN_CONSTANT_CONVERSION = YES;
				CLANG_WARN_DEPRECATED_OBJC_IMPLEMENTATIONS = YES;
				CLANG_WARN_DIRECT_OBJC_ISA_USAGE = YES_ERROR;
				CLANG_WARN_DOCUMENTATION_COMMENTS = YES;
				CLANG_WARN_EMPTY_BODY = YES;
				CLANG_WARN_ENUM_CONVERSION = YES;
				CLANG_WARN_INFINITE_RECURSION = YES;
				CLANG_WARN_INT_CONVERSION = YES;
				CLANG_WARN_NON_LITERAL_NULL_CONVERSION = YES;
				CLANG_WARN_OBJC_IMPLICIT_RETAIN_SELF = YES;
				CLANG_WARN_OBJC_LITERAL_CONVERSION = YES;
				CLANG_WARN_OBJC_ROOT_CLASS = YES_ERROR;
				CLANG_WARN_QUOTED_INCLUDE_IN_FRAMEWORK_HEADER = YES;
				CLANG_WARN_RANGE_LOOP_ANALYSIS = YES;
				CLANG_WARN_STRICT_PROTOTYPES = YES;
				CLANG_WARN_SUSPICIOUS_MOVE = YES;
				CLANG_WARN_UNGUARDED_AVAILABILITY = YES_AGGRESSIVE;
				CLANG_WARN_UNREACHABLE_CODE = YES;
				CLANG_WARN__DUPLICATE_METHOD_MATCH = YES;
				COPY_PHASE_STRIP = NO;
				DEBUG_INFORMATION_FORMAT = dwarf;
				ENABLE_STRICT_OBJC_MSGSEND = YES;
				ENABLE_TESTABILITY = YES;
				ENABLE_USER_SCRIPT_SANDBOXING = YES;
				GCC_C_LANGUAGE_STANDARD = gnu17;
				GCC_DYNAMIC_NO_PIC = NO;
				GCC_NO_COMMON_BLOCKS = YES;
				GCC_OPTIMIZATION_LEVEL = 0;
				GCC_PREPROCESSOR_DEFINITIONS = (
					"DEBUG=1",
					"$(inherited)",
				);
				GCC_WARN_64_TO_32_BIT_CONVERSION = YES;
				GCC_WARN_ABOUT_RETURN_TYPE = YES_ERROR;
				GCC_WARN_UNDECLARED_SELECTOR = YES;
				GCC_WARN_UNINITIALIZED_AUTOS = YES_AGGRESSIVE;
				GCC_WARN_UNUSED_FUNCTION = YES;
				GCC_WARN_UNUSED_VARIABLE = YES;
				IPHONEOS_DEPLOYMENT_TARGET = 17.5;
				LOCALIZATION_PREFERS_STRING_CATALOGS = YES;
				MTL_ENABLE_DEBUG_INFO = INCLUDE_SOURCE;
				MTL_FAST_MATH = YES;
				ONLY_ACTIVE_ARCH = YES;
				SDKROOT = iphoneos;
				SWIFT_ACTIVE_COMPILATION_CONDITIONS = "DEBUG $(inherited)";
				SWIFT_OPTIMIZATION_LEVEL = "-Onone";
			};
			name = Debug;
		};
		AA8617432C66A61400712E27 /* Release */ = {
			isa = XCBuildConfiguration;
			buildSettings = {
				ALWAYS_SEARCH_USER_PATHS = NO;
				ASSETCATALOG_COMPILER_GENERATE_SWIFT_ASSET_SYMBOL_EXTENSIONS = YES;
				CLANG_ANALYZER_NONNULL = YES;
				CLANG_ANALYZER_NUMBER_OBJECT_CONVERSION = YES_AGGRESSIVE;
				CLANG_CXX_LANGUAGE_STANDARD = "gnu++20";
				CLANG_ENABLE_MODULES = YES;
				CLANG_ENABLE_OBJC_ARC = YES;
				CLANG_ENABLE_OBJC_WEAK = YES;
				CLANG_WARN_BLOCK_CAPTURE_AUTORELEASING = YES;
				CLANG_WARN_BOOL_CONVERSION = YES;
				CLANG_WARN_COMMA = YES;
				CLANG_WARN_CONSTANT_CONVERSION = YES;
				CLANG_WARN_DEPRECATED_OBJC_IMPLEMENTATIONS = YES;
				CLANG_WARN_DIRECT_OBJC_ISA_USAGE = YES_ERROR;
				CLANG_WARN_DOCUMENTATION_COMMENTS = YES;
				CLANG_WARN_EMPTY_BODY = YES;
				CLANG_WARN_ENUM_CONVERSION = YES;
				CLANG_WARN_INFINITE_RECURSION = YES;
				CLANG_WARN_INT_CONVERSION = YES;
				CLANG_WARN_NON_LITERAL_NULL_CONVERSION = YES;
				CLANG_WARN_OBJC_IMPLICIT_RETAIN_SELF = YES;
				CLANG_WARN_OBJC_LITERAL_CONVERSION = YES;
				CLANG_WARN_OBJC_ROOT_CLASS = YES_ERROR;
				CLANG_WARN_QUOTED_INCLUDE_IN_FRAMEWORK_HEADER = YES;
				CLANG_WARN_RANGE_LOOP_ANALYSIS = YES;
				CLANG_WARN_STRICT_PROTOTYPES = YES;
				CLANG_WARN_SUSPICIOUS_MOVE = YES;
				CLANG_WARN_UNGUARDED_AVAILABILITY = YES_AGGRESSIVE;
				CLANG_WARN_UNREACHABLE_CODE = YES;
				CLANG_WARN__DUPLICATE_METHOD_MATCH = YES;
				COPY_PHASE_STRIP = NO;
				DEBUG_INFORMATION_FORMAT = "dwarf-with-dsym";
				ENABLE_NS_ASSERTIONS = NO;
				ENABLE_STRICT_OBJC_MSGSEND = YES;
				ENABLE_USER_SCRIPT_SANDBOXING = YES;
				GCC_C_LANGUAGE_STANDARD = gnu17;
				GCC_NO_COMMON_BLOCKS = YES;
				GCC_WARN_64_TO_32_BIT_CONVERSION = YES;
				GCC_WARN_ABOUT_RETURN_TYPE = YES_ERROR;
				GCC_WARN_UNDECLARED_SELECTOR = YES;
				GCC_WARN_UNINITIALIZED_AUTOS = YES_AGGRESSIVE;
				GCC_WARN_UNUSED_FUNCTION = YES;
				GCC_WARN_UNUSED_VARIABLE = YES;
				IPHONEOS_DEPLOYMENT_TARGET = 17.5;
				LOCALIZATION_PREFERS_STRING_CATALOGS = YES;
				MTL_ENABLE_DEBUG_INFO = NO;
				MTL_FAST_MATH = YES;
				SDKROOT = iphoneos;
				SWIFT_COMPILATION_MODE = wholemodule;
				VALIDATE_PRODUCT = YES;
			};
			name = Release;
		};
		AA8617452C66A61400712E27 /* Debug */ = {
			isa = XCBuildConfiguration;
			buildSettings = {
				ASSETCATALOG_COMPILER_APPICON_NAME = AppIcon;
				ASSETCATALOG_COMPILER_GLOBAL_ACCENT_COLOR_NAME = AccentColor;
				CODE_SIGN_STYLE = Automatic;
				CURRENT_PROJECT_VERSION = 1;
				DEVELOPMENT_ASSET_PATHS = "\"InstagramClone/Preview Content\"";
				DEVELOPMENT_TEAM = FF54H898ZR;
				ENABLE_PREVIEWS = YES;
				GENERATE_INFOPLIST_FILE = YES;
				INFOPLIST_KEY_UIApplicationSceneManifest_Generation = YES;
				INFOPLIST_KEY_UIApplicationSupportsIndirectInputEvents = YES;
				INFOPLIST_KEY_UILaunchScreen_Generation = YES;
				INFOPLIST_KEY_UISupportedInterfaceOrientations_iPad = "UIInterfaceOrientationPortrait UIInterfaceOrientationPortraitUpsideDown UIInterfaceOrientationLandscapeLeft UIInterfaceOrientationLandscapeRight";
				INFOPLIST_KEY_UISupportedInterfaceOrientations_iPhone = "UIInterfaceOrientationPortrait UIInterfaceOrientationLandscapeLeft UIInterfaceOrientationLandscapeRight";
				LD_RUNPATH_SEARCH_PATHS = (
					"$(inherited)",
					"@executable_path/Frameworks",
				);
				MARKETING_VERSION = 1.0;
				PRODUCT_BUNDLE_IDENTIFIER = fleabag.solutions.InstagramClone;
				PRODUCT_NAME = "$(TARGET_NAME)";
				SWIFT_EMIT_LOC_STRINGS = YES;
				SWIFT_VERSION = 5.0;
				TARGETED_DEVICE_FAMILY = "1,2";
			};
			name = Debug;
		};
		AA8617462C66A61400712E27 /* Release */ = {
			isa = XCBuildConfiguration;
			buildSettings = {
				ASSETCATALOG_COMPILER_APPICON_NAME = AppIcon;
				ASSETCATALOG_COMPILER_GLOBAL_ACCENT_COLOR_NAME = AccentColor;
				CODE_SIGN_STYLE = Automatic;
				CURRENT_PROJECT_VERSION = 1;
				DEVELOPMENT_ASSET_PATHS = "\"InstagramClone/Preview Content\"";
				DEVELOPMENT_TEAM = FF54H898ZR;
				ENABLE_PREVIEWS = YES;
				GENERATE_INFOPLIST_FILE = YES;
				INFOPLIST_KEY_UIApplicationSceneManifest_Generation = YES;
				INFOPLIST_KEY_UIApplicationSupportsIndirectInputEvents = YES;
				INFOPLIST_KEY_UILaunchScreen_Generation = YES;
				INFOPLIST_KEY_UISupportedInterfaceOrientations_iPad = "UIInterfaceOrientationPortrait UIInterfaceOrientationPortraitUpsideDown UIInterfaceOrientationLandscapeLeft UIInterfaceOrientationLandscapeRight";
				INFOPLIST_KEY_UISupportedInterfaceOrientations_iPhone = "UIInterfaceOrientationPortrait UIInterfaceOrientationLandscapeLeft UIInterfaceOrientationLandscapeRight";
				LD_RUNPATH_SEARCH_PATHS = (
					"$(inherited)",
					"@executable_path/Frameworks",
				);
				MARKETING_VERSION = 1.0;
				PRODUCT_BUNDLE_IDENTIFIER = fleabag.solutions.InstagramClone;
				PRODUCT_NAME = "$(TARGET_NAME)";
				SWIFT_EMIT_LOC_STRINGS = YES;
				SWIFT_VERSION = 5.0;
				TARGETED_DEVICE_FAMILY = "1,2";
			};
			name = Release;
		};
		AA8617482C66A61400712E27 /* Debug */ = {
			isa = XCBuildConfiguration;
			buildSettings = {
				ALWAYS_EMBED_SWIFT_STANDARD_LIBRARIES = YES;
				BUNDLE_LOADER = "$(TEST_HOST)";
				CODE_SIGN_STYLE = Automatic;
				CURRENT_PROJECT_VERSION = 1;
				DEVELOPMENT_TEAM = FF54H898ZR;
				GENERATE_INFOPLIST_FILE = YES;
				IPHONEOS_DEPLOYMENT_TARGET = 17.5;
				MARKETING_VERSION = 1.0;
				PRODUCT_BUNDLE_IDENTIFIER = fleabag.solutions.InstagramCloneTests;
				PRODUCT_NAME = "$(TARGET_NAME)";
				SWIFT_EMIT_LOC_STRINGS = NO;
				SWIFT_VERSION = 5.0;
				TARGETED_DEVICE_FAMILY = "1,2";
				TEST_HOST = "$(BUILT_PRODUCTS_DIR)/InstagramClone.app/$(BUNDLE_EXECUTABLE_FOLDER_PATH)/InstagramClone";
			};
			name = Debug;
		};
		AA8617492C66A61400712E27 /* Release */ = {
			isa = XCBuildConfiguration;
			buildSettings = {
				ALWAYS_EMBED_SWIFT_STANDARD_LIBRARIES = YES;
				BUNDLE_LOADER = "$(TEST_HOST)";
				CODE_SIGN_STYLE = Automatic;
				CURRENT_PROJECT_VERSION = 1;
				DEVELOPMENT_TEAM = FF54H898ZR;
				GENERATE_INFOPLIST_FILE = YES;
				IPHONEOS_DEPLOYMENT_TARGET = 17.5;
				MARKETING_VERSION = 1.0;
				PRODUCT_BUNDLE_IDENTIFIER = fleabag.solutions.InstagramCloneTests;
				PRODUCT_NAME = "$(TARGET_NAME)";
				SWIFT_EMIT_LOC_STRINGS = NO;
				SWIFT_VERSION = 5.0;
				TARGETED_DEVICE_FAMILY = "1,2";
				TEST_HOST = "$(BUILT_PRODUCTS_DIR)/InstagramClone.app/$(BUNDLE_EXECUTABLE_FOLDER_PATH)/InstagramClone";
			};
			name = Release;
		};
		AA86174B2C66A61400712E27 /* Debug */ = {
			isa = XCBuildConfiguration;
			buildSettings = {
				ALWAYS_EMBED_SWIFT_STANDARD_LIBRARIES = YES;
				CODE_SIGN_STYLE = Automatic;
				CURRENT_PROJECT_VERSION = 1;
				DEVELOPMENT_TEAM = FF54H898ZR;
				GENERATE_INFOPLIST_FILE = YES;
				MARKETING_VERSION = 1.0;
				PRODUCT_BUNDLE_IDENTIFIER = fleabag.solutions.InstagramCloneUITests;
				PRODUCT_NAME = "$(TARGET_NAME)";
				SWIFT_EMIT_LOC_STRINGS = NO;
				SWIFT_VERSION = 5.0;
				TARGETED_DEVICE_FAMILY = "1,2";
				TEST_TARGET_NAME = InstagramClone;
			};
			name = Debug;
		};
		AA86174C2C66A61400712E27 /* Release */ = {
			isa = XCBuildConfiguration;
			buildSettings = {
				ALWAYS_EMBED_SWIFT_STANDARD_LIBRARIES = YES;
				CODE_SIGN_STYLE = Automatic;
				CURRENT_PROJECT_VERSION = 1;
				DEVELOPMENT_TEAM = FF54H898ZR;
				GENERATE_INFOPLIST_FILE = YES;
				MARKETING_VERSION = 1.0;
				PRODUCT_BUNDLE_IDENTIFIER = fleabag.solutions.InstagramCloneUITests;
				PRODUCT_NAME = "$(TARGET_NAME)";
				SWIFT_EMIT_LOC_STRINGS = NO;
				SWIFT_VERSION = 5.0;
				TARGETED_DEVICE_FAMILY = "1,2";
				TEST_TARGET_NAME = InstagramClone;
			};
			name = Release;
		};
/* End XCBuildConfiguration section */

/* Begin XCConfigurationList section */
		AA86171B2C66A61300712E27 /* Build configuration list for PBXProject "InstagramClone" */ = {
			isa = XCConfigurationList;
			buildConfigurations = (
				AA8617422C66A61400712E27 /* Debug */,
				AA8617432C66A61400712E27 /* Release */,
			);
			defaultConfigurationIsVisible = 0;
			defaultConfigurationName = Release;
		};
		AA8617442C66A61400712E27 /* Build configuration list for PBXNativeTarget "InstagramClone" */ = {
			isa = XCConfigurationList;
			buildConfigurations = (
				AA8617452C66A61400712E27 /* Debug */,
				AA8617462C66A61400712E27 /* Release */,
			);
			defaultConfigurationIsVisible = 0;
			defaultConfigurationName = Release;
		};
		AA8617472C66A61400712E27 /* Build configuration list for PBXNativeTarget "InstagramCloneTests" */ = {
			isa = XCConfigurationList;
			buildConfigurations = (
				AA8617482C66A61400712E27 /* Debug */,
				AA8617492C66A61400712E27 /* Release */,
			);
			defaultConfigurationIsVisible = 0;
			defaultConfigurationName = Release;
		};
		AA86174A2C66A61400712E27 /* Build configuration list for PBXNativeTarget "InstagramCloneUITests" */ = {
			isa = XCConfigurationList;
			buildConfigurations = (
				AA86174B2C66A61400712E27 /* Debug */,
				AA86174C2C66A61400712E27 /* Release */,
			);
			defaultConfigurationIsVisible = 0;
			defaultConfigurationName = Release;
		};
/* End XCConfigurationList section */
	};
	rootObject = AA8617182C66A61300712E27 /* Project object */;
}
